
Microsoft Visual Studio Solution File, Format Version 12.00
# Visual Studio Version 17
VisualStudioVersion = 17.14.36804.6 d17.14
MinimumVisualStudioVersion = 10.0.40219.1
Project("{FAE04EC0-301F-11D3-BF4B-00C04F79EFBC}") = "КАСД_ЗАД16", "КАСД_ЗАД16\КАСД_ЗАД16.csproj", "{2E857793-C324-4873-BB45-F0C7F0B244A5}"
EndProject
Global
	GlobalSection(SolutionConfigurationPlatforms) = preSolution
		Debug|Any CPU = Debug|Any CPU
		Release|Any CPU = Release|Any CPU
	EndGlobalSection
	GlobalSection(ProjectConfigurationPlatforms) = postSolution
		{2E857793-C324-4873-BB45-F0C7F0B244A5}.Debug|Any CPU.ActiveCfg = Debug|Any CPU
		{2E857793-C324-4873-BB45-F0C7F0B244A5}.Debug|Any CPU.Build.0 = Debug|Any CPU
		{2E857793-C324-4873-BB45-F0C7F0B244A5}.Release|Any CPU.ActiveCfg = Release|Any CPU
		{2E857793-C324-4873-BB45-F0C7F0B244A5}.Release|Any CPU.Build.0 = Release|Any CPU
	EndGlobalSection
	GlobalSection(SolutionProperties) = preSolution
		HideSolutionNode = FALSE
	EndGlobalSection
	GlobalSection(ExtensibilityGlobals) = postSolution
		SolutionGuid = {F3F4EA28-E39A-42A7-BA50-410043B26F97}
	EndGlobalSection
EndGlobal
