
Microsoft Visual Studio Solution File, Format Version 12.00
# Visual Studio Version 17
VisualStudioVersion = 17.14.36804.6 d17.14
MinimumVisualStudioVersion = 10.0.40219.1
Project("{FAE04EC0-301F-11D3-BF4B-00C04F79EFBC}") = "КАСД_18", "КАСД_18\КАСД_18.csproj", "{7F392E1E-5414-4708-9968-999AED34EECE}"
EndProject
Global
	GlobalSection(SolutionConfigurationPlatforms) = preSolution
		Debug|Any CPU = Debug|Any CPU
		Release|Any CPU = Release|Any CPU
	EndGlobalSection
	GlobalSection(ProjectConfigurationPlatforms) = postSolution
		{7F392E1E-5414-4708-9968-999AED34EECE}.Debug|Any CPU.ActiveCfg = Debug|Any CPU
		{7F392E1E-5414-4708-9968-999AED34EECE}.Debug|Any CPU.Build.0 = Debug|Any CPU
		{7F392E1E-5414-4708-9968-999AED34EECE}.Release|Any CPU.ActiveCfg = Release|Any CPU
		{7F392E1E-5414-4708-9968-999AED34EECE}.Release|Any CPU.Build.0 = Release|Any CPU
	EndGlobalSection
	GlobalSection(SolutionProperties) = preSolution
		HideSolutionNode = FALSE
	EndGlobalSection
	GlobalSection(ExtensibilityGlobals) = postSolution
		SolutionGuid = {9E2F5F3F-3717-45C4-A912-4028614E0D47}
	EndGlobalSection
EndGlobal
